
Microsoft Visual Studio Solution File, Format Version 12.00
# Visual Studio Version 16
VisualStudioVersion = 16.0.30907.101
MinimumVisualStudioVersion = 10.0.40219.1
Project("{FAE04EC0-301F-11D3-BF4B-00C04F79EFBC}") = "NetBinSerializer", "NetBinSerializer\NetBinSerializer.csproj", "{BB721FFA-3B71-4B72-88C1-16154B7D1C15}"
EndProject
Project("{FAE04EC0-301F-11D3-BF4B-00C04F79EFBC}") = "Test", "Test\Test.csproj", "{2C8611B4-F28C-4B44-BF2E-EFE1FD4E5782}"
EndProject
Global
	GlobalSection(SolutionConfigurationPlatforms) = preSolution
		Debug|Any CPU = Debug|Any CPU
		Release|Any CPU = Release|Any CPU
	EndGlobalSection
	GlobalSection(ProjectConfigurationPlatforms) = postSolution
		{BB721FFA-3B71-4B72-88C1-16154B7D1C15}.Debug|Any CPU.ActiveCfg = Debug|Any CPU
		{BB721FFA-3B71-4B72-88C1-16154B7D1C15}.Debug|Any CPU.Build.0 = Debug|Any CPU
		{BB721FFA-3B71-4B72-88C1-16154B7D1C15}.Release|Any CPU.ActiveCfg = Release|Any CPU
		{BB721FFA-3B71-4B72-88C1-16154B7D1C15}.Release|Any CPU.Build.0 = Release|Any CPU
		{2C8611B4-F28C-4B44-BF2E-EFE1FD4E5782}.Debug|Any CPU.ActiveCfg = Debug|Any CPU
		{2C8611B4-F28C-4B44-BF2E-EFE1FD4E5782}.Debug|Any CPU.Build.0 = Debug|Any CPU
		{2C8611B4-F28C-4B44-BF2E-EFE1FD4E5782}.Release|Any CPU.ActiveCfg = Release|Any CPU
		{2C8611B4-F28C-4B44-BF2E-EFE1FD4E5782}.Release|Any CPU.Build.0 = Release|Any CPU
	EndGlobalSection
	GlobalSection(SolutionProperties) = preSolution
		HideSolutionNode = FALSE
	EndGlobalSection
	GlobalSection(ExtensibilityGlobals) = postSolution
		SolutionGuid = {6D38234C-FE3F-41B7-B930-F6F2448E061B}
	EndGlobalSection
EndGlobal
